// !$*UTF8*$!
{
	archiveVersion = 1;
	classes = {
	};
	objectVersion = 46;
	objects = {

/* Begin PBXBuildFile section */
		15AC0BA71BC98CFB00789175 /* Cocoa.framework in Frameworks */ = {isa = PBXBuildFile; fileRef = 15AC0BA61BC98CFB00789175 /* Cocoa.framework */; };
		15AC0BB11BC98CFB00789175 /* InfoPlist.strings in Resources */ = {isa = PBXBuildFile; fileRef = 15AC0BAF1BC98CFB00789175 /* InfoPlist.strings */; };
		15AC0BB31BC98CFB00789175 /* main.m in Sources */ = {isa = PBXBuildFile; fileRef = 15AC0BB21BC98CFB00789175 /* main.m */; };
		15AC0BB71BC98CFB00789175 /* Credits.rtf in Resources */ = {isa = PBXBuildFile; fileRef = 15AC0BB51BC98CFB00789175 /* Credits.rtf */; };
		15AC0BBA1BC98CFB00789175 /* AppDelegate.m in Sources */ = {isa = PBXBuildFile; fileRef = 15AC0BB91BC98CFB00789175 /* AppDelegate.m */; };
		15AC0BBD1BC98CFB00789175 /* MainMenu.xib in Resources */ = {isa = PBXBuildFile; fileRef = 15AC0BBB1BC98CFB00789175 /* MainMenu.xib */; };
		15AC0BC51BC98CFB00789175 /* SenTestingKit.framework in Frameworks */ = {isa = PBXBuildFile; fileRef = 15AC0BC41BC98CFB00789175 /* SenTestingKit.framework */; };
		15AC0BC61BC98CFB00789175 /* Cocoa.framework in Frameworks */ = {isa = PBXBuildFile; fileRef = 15AC0BA61BC98CFB00789175 /* Cocoa.framework */; };
		15AC0BCE1BC98CFB00789175 /* InfoPlist.strings in Resources */ = {isa = PBXBuildFile; fileRef = 15AC0BCC1BC98CFB00789175 /* InfoPlist.strings */; };
		15AC0BD11BC98CFB00789175 /* OCTests.mm in Sources */ = {isa = PBXBuildFile; fileRef = 15AC0BD01BC98CFB00789175 /* OCTests.mm */; };
		15AC0BE01BC98D4000789175 /* CPPCalcs.cpp in Sources */ = {isa = PBXBuildFile; fileRef = 15AC0BDA1BC98D4000789175 /* CPPCalcs.cpp */; };
		15AC0BE11BC98D4000789175 /* CPPCalcsPIMPL.mm in Sources */ = {isa = PBXBuildFile; fileRef = 15AC0BDD1BC98D4000789175 /* CPPCalcsPIMPL.mm */; };
		15AC0BE21BC98D4000789175 /* OCCalcs.m in Sources */ = {isa = PBXBuildFile; fileRef = 15AC0BDF1BC98D4000789175 /* OCCalcs.m */; };
		15AC0BE51BC98DF000789175 /* testOCCalcs.m in Sources */ = {isa = PBXBuildFile; fileRef = 15AC0BE41BC98DF000789175 /* testOCCalcs.m */; };
		15AC0BE81BC98E1B00789175 /* OCCalcs.m in Sources */ = {isa = PBXBuildFile; fileRef = 15AC0BDF1BC98D4000789175 /* OCCalcs.m */; };
		15AC0BF31BC991C400789175 /* main.cpp in Sources */ = {isa = PBXBuildFile; fileRef = 15AC0BF21BC991C400789175 /* main.cpp */; };
		15AC0BF51BC991C400789175 /* CPPTests.1 in CopyFiles */ = {isa = PBXBuildFile; fileRef = 15AC0BF41BC991C400789175 /* CPPTests.1 */; };
		15AC0BFA1BC9923500789175 /* gtest.framework in Frameworks */ = {isa = PBXBuildFile; fileRef = 15AC0BF91BC9923500789175 /* gtest.framework */; };
		15AC0BFC1BC992C900789175 /* test_CPPCalcs.cpp in Sources */ = {isa = PBXBuildFile; fileRef = 15AC0BFB1BC992C900789175 /* test_CPPCalcs.cpp */; };
		15AC0BFD1BC9932500789175 /* CPPCalcs.cpp in Sources */ = {isa = PBXBuildFile; fileRef = 15AC0BDA1BC98D4000789175 /* CPPCalcs.cpp */; };
/* End PBXBuildFile section */

/* Begin PBXContainerItemProxy section */
		15AC0BC71BC98CFB00789175 /* PBXContainerItemProxy */ = {
			isa = PBXContainerItemProxy;
			containerPortal = 15AC0B9B1BC98CFB00789175 /* Project object */;
			proxyType = 1;
			remoteGlobalIDString = 15AC0BA21BC98CFB00789175;
			remoteInfo = UnitTests;
		};
/* End PBXContainerItemProxy section */

/* Begin PBXCopyFilesBuildPhase section */
		15AC0BEE1BC991C400789175 /* CopyFiles */ = {
			isa = PBXCopyFilesBuildPhase;
			buildActionMask = 2147483647;
			dstPath = /usr/share/man/man1/;
			dstSubfolderSpec = 0;
			files = (
				15AC0BF51BC991C400789175 /* CPPTests.1 in CopyFiles */,
			);
			runOnlyForDeploymentPostprocessing = 1;
		};
/* End PBXCopyFilesBuildPhase section */

/* Begin PBXFileReference section */
		15AC0BA31BC98CFB00789175 /* UnitTests.app */ = {isa = PBXFileReference; explicitFileType = wrapper.application; includeInIndex = 0; path = UnitTests.app; sourceTree = BUILT_PRODUCTS_DIR; };
		15AC0BA61BC98CFB00789175 /* Cocoa.framework */ = {isa = PBXFileReference; lastKnownFileType = wrapper.framework; name = Cocoa.framework; path = System/Library/Frameworks/Cocoa.framework; sourceTree = SDKROOT; };
		15AC0BA91BC98CFB00789175 /* AppKit.framework */ = {isa = PBXFileReference; lastKnownFileType = wrapper.framework; name = AppKit.framework; path = System/Library/Frameworks/AppKit.framework; sourceTree = SDKROOT; };
		15AC0BAA1BC98CFB00789175 /* CoreData.framework */ = {isa = PBXFileReference; lastKnownFileType = wrapper.framework; name = CoreData.framework; path = System/Library/Frameworks/CoreData.framework; sourceTree = SDKROOT; };
		15AC0BAB1BC98CFB00789175 /* Foundation.framework */ = {isa = PBXFileReference; lastKnownFileType = wrapper.framework; name = Foundation.framework; path = System/Library/Frameworks/Foundation.framework; sourceTree = SDKROOT; };
		15AC0BAE1BC98CFB00789175 /* UnitTests-Info.plist */ = {isa = PBXFileReference; lastKnownFileType = text.plist.xml; path = "UnitTests-Info.plist"; sourceTree = "<group>"; };
		15AC0BB01BC98CFB00789175 /* en */ = {isa = PBXFileReference; lastKnownFileType = text.plist.strings; name = en; path = en.lproj/InfoPlist.strings; sourceTree = "<group>"; };
		15AC0BB21BC98CFB00789175 /* main.m */ = {isa = PBXFileReference; lastKnownFileType = sourcecode.c.objc; path = main.m; sourceTree = "<group>"; };
		15AC0BB41BC98CFB00789175 /* UnitTests-Prefix.pch */ = {isa = PBXFileReference; lastKnownFileType = sourcecode.c.h; path = "UnitTests-Prefix.pch"; sourceTree = "<group>"; };
		15AC0BB61BC98CFB00789175 /* en */ = {isa = PBXFileReference; lastKnownFileType = text.rtf; name = en; path = en.lproj/Credits.rtf; sourceTree = "<group>"; };
		15AC0BB81BC98CFB00789175 /* AppDelegate.h */ = {isa = PBXFileReference; lastKnownFileType = sourcecode.c.h; path = AppDelegate.h; sourceTree = "<group>"; };
		15AC0BB91BC98CFB00789175 /* AppDelegate.m */ = {isa = PBXFileReference; lastKnownFileType = sourcecode.c.objc; path = AppDelegate.m; sourceTree = "<group>"; };
		15AC0BBC1BC98CFB00789175 /* en */ = {isa = PBXFileReference; lastKnownFileType = file.xib; name = en; path = en.lproj/MainMenu.xib; sourceTree = "<group>"; };
		15AC0BC31BC98CFB00789175 /* UnitTestsTests.octest */ = {isa = PBXFileReference; explicitFileType = wrapper.cfbundle; includeInIndex = 0; path = UnitTestsTests.octest; sourceTree = BUILT_PRODUCTS_DIR; };
		15AC0BC41BC98CFB00789175 /* SenTestingKit.framework */ = {isa = PBXFileReference; lastKnownFileType = wrapper.framework; name = SenTestingKit.framework; path = Library/Frameworks/SenTestingKit.framework; sourceTree = DEVELOPER_DIR; };
		15AC0BCB1BC98CFB00789175 /* UnitTestsTests-Info.plist */ = {isa = PBXFileReference; lastKnownFileType = text.plist.xml; path = "UnitTestsTests-Info.plist"; sourceTree = "<group>"; };
		15AC0BCD1BC98CFB00789175 /* en */ = {isa = PBXFileReference; lastKnownFileType = text.plist.strings; name = en; path = en.lproj/InfoPlist.strings; sourceTree = "<group>"; };
		15AC0BCF1BC98CFB00789175 /* OCTests.h */ = {isa = PBXFileReference; lastKnownFileType = sourcecode.c.h; path = OCTests.h; sourceTree = "<group>"; };
		15AC0BD01BC98CFB00789175 /* OCTests.mm */ = {isa = PBXFileReference; lastKnownFileType = sourcecode.cpp.objcpp; path = OCTests.mm; sourceTree = "<group>"; };
		15AC0BDA1BC98D4000789175 /* CPPCalcs.cpp */ = {isa = PBXFileReference; fileEncoding = 4; lastKnownFileType = sourcecode.cpp.cpp; path = CPPCalcs.cpp; sourceTree = "<group>"; };
		15AC0BDB1BC98D4000789175 /* CPPCalcs.h */ = {isa = PBXFileReference; fileEncoding = 4; lastKnownFileType = sourcecode.c.h; path = CPPCalcs.h; sourceTree = "<group>"; };
		15AC0BDC1BC98D4000789175 /* CPPCalcsPIMPL.h */ = {isa = PBXFileReference; fileEncoding = 4; lastKnownFileType = sourcecode.c.h; path = CPPCalcsPIMPL.h; sourceTree = "<group>"; };
		15AC0BDD1BC98D4000789175 /* CPPCalcsPIMPL.mm */ = {isa = PBXFileReference; fileEncoding = 4; lastKnownFileType = sourcecode.cpp.objcpp; path = CPPCalcsPIMPL.mm; sourceTree = "<group>"; };
		15AC0BDE1BC98D4000789175 /* OCCalcs.h */ = {isa = PBXFileReference; fileEncoding = 4; lastKnownFileType = sourcecode.c.h; path = OCCalcs.h; sourceTree = "<group>"; };
		15AC0BDF1BC98D4000789175 /* OCCalcs.m */ = {isa = PBXFileReference; fileEncoding = 4; lastKnownFileType = sourcecode.c.objc; path = OCCalcs.m; sourceTree = "<group>"; };
		15AC0BE31BC98DF000789175 /* testOCCalcs.h */ = {isa = PBXFileReference; fileEncoding = 4; lastKnownFileType = sourcecode.c.h; path = testOCCalcs.h; sourceTree = "<group>"; };
		15AC0BE41BC98DF000789175 /* testOCCalcs.m */ = {isa = PBXFileReference; fileEncoding = 4; lastKnownFileType = sourcecode.c.objc; path = testOCCalcs.m; sourceTree = "<group>"; };
		15AC0BF01BC991C400789175 /* CPPTests */ = {isa = PBXFileReference; explicitFileType = "compiled.mach-o.executable"; includeInIndex = 0; path = CPPTests; sourceTree = BUILT_PRODUCTS_DIR; };
		15AC0BF21BC991C400789175 /* main.cpp */ = {isa = PBXFileReference; lastKnownFileType = sourcecode.cpp.cpp; path = main.cpp; sourceTree = "<group>"; };
		15AC0BF41BC991C400789175 /* CPPTests.1 */ = {isa = PBXFileReference; lastKnownFileType = text.man; path = CPPTests.1; sourceTree = "<group>"; };
		15AC0BF91BC9923500789175 /* gtest.framework */ = {isa = PBXFileReference; lastKnownFileType = wrapper.framework; name = gtest.framework; path = Frameworks/gtest.framework; sourceTree = SOURCE_ROOT; };
		15AC0BFB1BC992C900789175 /* test_CPPCalcs.cpp */ = {isa = PBXFileReference; fileEncoding = 4; lastKnownFileType = sourcecode.cpp.cpp; path = test_CPPCalcs.cpp; sourceTree = "<group>"; };
/* End PBXFileReference section */

/* Begin PBXFrameworksBuildPhase section */
		15AC0BA01BC98CFB00789175 /* Frameworks */ = {
			isa = PBXFrameworksBuildPhase;
			buildActionMask = 2147483647;
			files = (
				15AC0BA71BC98CFB00789175 /* Cocoa.framework in Frameworks */,
			);
			runOnlyForDeploymentPostprocessing = 0;
		};
		15AC0BBF1BC98CFB00789175 /* Frameworks */ = {
			isa = PBXFrameworksBuildPhase;
			buildActionMask = 2147483647;
			files = (
				15AC0BC51BC98CFB00789175 /* SenTestingKit.framework in Frameworks */,
				15AC0BC61BC98CFB00789175 /* Cocoa.framework in Frameworks */,
			);
			runOnlyForDeploymentPostprocessing = 0;
		};
		15AC0BED1BC991C400789175 /* Frameworks */ = {
			isa = PBXFrameworksBuildPhase;
			buildActionMask = 2147483647;
			files = (
				15AC0BFA1BC9923500789175 /* gtest.framework in Frameworks */,
			);
			runOnlyForDeploymentPostprocessing = 0;
		};
/* End PBXFrameworksBuildPhase section */

/* Begin PBXGroup section */
		15AC0B9A1BC98CFB00789175 = {
			isa = PBXGroup;
			children = (
				15AC0BAC1BC98CFB00789175 /* UnitTests */,
				15AC0BC91BC98CFB00789175 /* OCTests */,
				15AC0BF11BC991C400789175 /* CPPTests */,
				15AC0BA51BC98CFB00789175 /* Frameworks */,
				15AC0BA41BC98CFB00789175 /* Products */,
			);
			sourceTree = "<group>";
		};
		15AC0BA41BC98CFB00789175 /* Products */ = {
			isa = PBXGroup;
			children = (
				15AC0BA31BC98CFB00789175 /* UnitTests.app */,
				15AC0BC31BC98CFB00789175 /* UnitTestsTests.octest */,
				15AC0BF01BC991C400789175 /* CPPTests */,
			);
			name = Products;
			sourceTree = "<group>";
		};
		15AC0BA51BC98CFB00789175 /* Frameworks */ = {
			isa = PBXGroup;
			children = (
				15AC0BA61BC98CFB00789175 /* Cocoa.framework */,
				15AC0BC41BC98CFB00789175 /* SenTestingKit.framework */,
				15AC0BA81BC98CFB00789175 /* Other Frameworks */,
			);
			name = Frameworks;
			sourceTree = "<group>";
		};
		15AC0BA81BC98CFB00789175 /* Other Frameworks */ = {
			isa = PBXGroup;
			children = (
				15AC0BA91BC98CFB00789175 /* AppKit.framework */,
				15AC0BAA1BC98CFB00789175 /* CoreData.framework */,
				15AC0BAB1BC98CFB00789175 /* Foundation.framework */,
			);
			name = "Other Frameworks";
			sourceTree = "<group>";
		};
		15AC0BAC1BC98CFB00789175 /* UnitTests */ = {
			isa = PBXGroup;
			children = (
				15AC0BDA1BC98D4000789175 /* CPPCalcs.cpp */,
				15AC0BDB1BC98D4000789175 /* CPPCalcs.h */,
				15AC0BDC1BC98D4000789175 /* CPPCalcsPIMPL.h */,
				15AC0BDD1BC98D4000789175 /* CPPCalcsPIMPL.mm */,
				15AC0BDE1BC98D4000789175 /* OCCalcs.h */,
				15AC0BDF1BC98D4000789175 /* OCCalcs.m */,
				15AC0BB81BC98CFB00789175 /* AppDelegate.h */,
				15AC0BB91BC98CFB00789175 /* AppDelegate.m */,
				15AC0BBB1BC98CFB00789175 /* MainMenu.xib */,
				15AC0BAD1BC98CFB00789175 /* Supporting Files */,
			);
			path = UnitTests;
			sourceTree = "<group>";
		};
		15AC0BAD1BC98CFB00789175 /* Supporting Files */ = {
			isa = PBXGroup;
			children = (
				15AC0BAE1BC98CFB00789175 /* UnitTests-Info.plist */,
				15AC0BAF1BC98CFB00789175 /* InfoPlist.strings */,
				15AC0BB21BC98CFB00789175 /* main.m */,
				15AC0BB41BC98CFB00789175 /* UnitTests-Prefix.pch */,
				15AC0BB51BC98CFB00789175 /* Credits.rtf */,
			);
			name = "Supporting Files";
			sourceTree = "<group>";
		};
		15AC0BC91BC98CFB00789175 /* OCTests */ = {
			isa = PBXGroup;
			children = (
				15AC0BE31BC98DF000789175 /* testOCCalcs.h */,
				15AC0BE41BC98DF000789175 /* testOCCalcs.m */,
				15AC0BCF1BC98CFB00789175 /* OCTests.h */,
				15AC0BD01BC98CFB00789175 /* OCTests.mm */,
				15AC0BCA1BC98CFB00789175 /* Supporting Files */,
			);
			name = OCTests;
			path = UnitTestsTests;
			sourceTree = "<group>";
		};
		15AC0BCA1BC98CFB00789175 /* Supporting Files */ = {
			isa = PBXGroup;
			children = (
				15AC0BCB1BC98CFB00789175 /* UnitTestsTests-Info.plist */,
				15AC0BCC1BC98CFB00789175 /* InfoPlist.strings */,
			);
			name = "Supporting Files";
			sourceTree = "<group>";
		};
		15AC0BF11BC991C400789175 /* CPPTests */ = {
			isa = PBXGroup;
			children = (
				15AC0BF91BC9923500789175 /* gtest.framework */,
				15AC0BF21BC991C400789175 /* main.cpp */,
				15AC0BF41BC991C400789175 /* CPPTests.1 */,
				15AC0BFB1BC992C900789175 /* test_CPPCalcs.cpp */,
			);
			path = CPPTests;
			sourceTree = "<group>";
		};
/* End PBXGroup section */

/* Begin PBXNativeTarget section */
		15AC0BA21BC98CFB00789175 /* UnitTests */ = {
			isa = PBXNativeTarget;
			buildConfigurationList = 15AC0BD41BC98CFB00789175 /* Build configuration list for PBXNativeTarget "UnitTests" */;
			buildPhases = (
				15AC0B9F1BC98CFB00789175 /* Sources */,
				15AC0BA01BC98CFB00789175 /* Frameworks */,
				15AC0BA11BC98CFB00789175 /* Resources */,
			);
			buildRules = (
			);
			dependencies = (
			);
			name = UnitTests;
			productName = UnitTests;
			productReference = 15AC0BA31BC98CFB00789175 /* UnitTests.app */;
			productType = "com.apple.product-type.application";
		};
		15AC0BC21BC98CFB00789175 /* UnitTestsTests */ = {
			isa = PBXNativeTarget;
			buildConfigurationList = 15AC0BD71BC98CFB00789175 /* Build configuration list for PBXNativeTarget "UnitTestsTests" */;
			buildPhases = (
				15AC0BBE1BC98CFB00789175 /* Sources */,
				15AC0BBF1BC98CFB00789175 /* Frameworks */,
				15AC0BC01BC98CFB00789175 /* Resources */,
				15AC0BC11BC98CFB00789175 /* ShellScript */,
			);
			buildRules = (
			);
			dependencies = (
				15AC0BC81BC98CFB00789175 /* PBXTargetDependency */,
			);
			name = UnitTestsTests;
			productName = UnitTestsTests;
			productReference = 15AC0BC31BC98CFB00789175 /* UnitTestsTests.octest */;
			productType = "com.apple.product-type.bundle";
		};
		15AC0BEF1BC991C400789175 /* CPPTests */ = {
			isa = PBXNativeTarget;
			buildConfigurationList = 15AC0BF61BC991C400789175 /* Build configuration list for PBXNativeTarget "CPPTests" */;
			buildPhases = (
				15AC0BEC1BC991C400789175 /* Sources */,
				15AC0BED1BC991C400789175 /* Frameworks */,
				15AC0BEE1BC991C400789175 /* CopyFiles */,
			);
			buildRules = (
			);
			dependencies = (
			);
			name = CPPTests;
			productName = CPPTests;
			productReference = 15AC0BF01BC991C400789175 /* CPPTests */;
			productType = "com.apple.product-type.tool";
		};
/* End PBXNativeTarget section */

/* Begin PBXProject section */
		15AC0B9B1BC98CFB00789175 /* Project object */ = {
			isa = PBXProject;
			attributes = {
				LastUpgradeCheck = 0460;
				ORGANIZATIONNAME = Samantha;
			};
			buildConfigurationList = 15AC0B9E1BC98CFB00789175 /* Build configuration list for PBXProject "UnitTests" */;
			compatibilityVersion = "Xcode 3.2";
			developmentRegion = English;
			hasScannedForEncodings = 0;
			knownRegions = (
				en,
			);
			mainGroup = 15AC0B9A1BC98CFB00789175;
			productRefGroup = 15AC0BA41BC98CFB00789175 /* Products */;
			projectDirPath = "";
			projectRoot = "";
			targets = (
				15AC0BA21BC98CFB00789175 /* UnitTests */,
				15AC0BC21BC98CFB00789175 /* UnitTestsTests */,
				15AC0BEF1BC991C400789175 /* CPPTests */,
			);
		};
/* End PBXProject section */

/* Begin PBXResourcesBuildPhase section */
		15AC0BA11BC98CFB00789175 /* Resources */ = {
			isa = PBXResourcesBuildPhase;
			buildActionMask = 2147483647;
			files = (
				15AC0BB11BC98CFB00789175 /* InfoPlist.strings in Resources */,
				15AC0BB71BC98CFB00789175 /* Credits.rtf in Resources */,
				15AC0BBD1BC98CFB00789175 /* MainMenu.xib in Resources */,
			);
			runOnlyForDeploymentPostprocessing = 0;
		};
		15AC0BC01BC98CFB00789175 /* Resources */ = {
			isa = PBXResourcesBuildPhase;
			buildActionMask = 2147483647;
			files = (
				15AC0BCE1BC98CFB00789175 /* InfoPlist.strings in Resources */,
			);
			runOnlyForDeploymentPostprocessing = 0;
		};
/* End PBXResourcesBuildPhase section */

/* Begin PBXShellScriptBuildPhase section */
		15AC0BC11BC98CFB00789175 /* ShellScript */ = {
			isa = PBXShellScriptBuildPhase;
			buildActionMask = 2147483647;
			files = (
			);
			inputPaths = (
			);
			outputPaths = (
			);
			runOnlyForDeploymentPostprocessing = 0;
			shellPath = /bin/sh;
			shellScript = "# Run the unit tests in this test bundle.\n\"${SYSTEM_DEVELOPER_DIR}/Tools/RunUnitTests\"\n";
		};
/* End PBXShellScriptBuildPhase section */

/* Begin PBXSourcesBuildPhase section */
		15AC0B9F1BC98CFB00789175 /* Sources */ = {
			isa = PBXSourcesBuildPhase;
			buildActionMask = 2147483647;
			files = (
				15AC0BB31BC98CFB00789175 /* main.m in Sources */,
				15AC0BBA1BC98CFB00789175 /* AppDelegate.m in Sources */,
				15AC0BE01BC98D4000789175 /* CPPCalcs.cpp in Sources */,
				15AC0BE11BC98D4000789175 /* CPPCalcsPIMPL.mm in Sources */,
				15AC0BE21BC98D4000789175 /* OCCalcs.m in Sources */,
			);
			runOnlyForDeploymentPostprocessing = 0;
		};
		15AC0BBE1BC98CFB00789175 /* Sources */ = {
			isa = PBXSourcesBuildPhase;
			buildActionMask = 2147483647;
			files = (
				15AC0BD11BC98CFB00789175 /* OCTests.mm in Sources */,
				15AC0BE51BC98DF000789175 /* testOCCalcs.m in Sources */,
				15AC0BE81BC98E1B00789175 /* OCCalcs.m in Sources */,
			);
			runOnlyForDeploymentPostprocessing = 0;
		};
		15AC0BEC1BC991C400789175 /* Sources */ = {
			isa = PBXSourcesBuildPhase;
			buildActionMask = 2147483647;
			files = (
				15AC0BF31BC991C400789175 /* main.cpp in Sources */,
				15AC0BFC1BC992C900789175 /* test_CPPCalcs.cpp in Sources */,
				15AC0BFD1BC9932500789175 /* CPPCalcs.cpp in Sources */,
			);
			runOnlyForDeploymentPostprocessing = 0;
		};
/* End PBXSourcesBuildPhase section */

/* Begin PBXTargetDependency section */
		15AC0BC81BC98CFB00789175 /* PBXTargetDependency */ = {
			isa = PBXTargetDependency;
			target = 15AC0BA21BC98CFB00789175 /* UnitTests */;
			targetProxy = 15AC0BC71BC98CFB00789175 /* PBXContainerItemProxy */;
		};
/* End PBXTargetDependency section */

/* Begin PBXVariantGroup section */
		15AC0BAF1BC98CFB00789175 /* InfoPlist.strings */ = {
			isa = PBXVariantGroup;
			children = (
				15AC0BB01BC98CFB00789175 /* en */,
			);
			name = InfoPlist.strings;
			sourceTree = "<group>";
		};
		15AC0BB51BC98CFB00789175 /* Credits.rtf */ = {
			isa = PBXVariantGroup;
			children = (
				15AC0BB61BC98CFB00789175 /* en */,
			);
			name = Credits.rtf;
			sourceTree = "<group>";
		};
		15AC0BBB1BC98CFB00789175 /* MainMenu.xib */ = {
			isa = PBXVariantGroup;
			children = (
				15AC0BBC1BC98CFB00789175 /* en */,
			);
			name = MainMenu.xib;
			sourceTree = "<group>";
		};
		15AC0BCC1BC98CFB00789175 /* InfoPlist.strings */ = {
			isa = PBXVariantGroup;
			children = (
				15AC0BCD1BC98CFB00789175 /* en */,
			);
			name = InfoPlist.strings;
			sourceTree = "<group>";
		};
/* End PBXVariantGroup section */

/* Begin XCBuildConfiguration section */
		15AC0BD21BC98CFB00789175 /* Debug */ = {
			isa = XCBuildConfiguration;
			buildSettings = {
				ALWAYS_SEARCH_USER_PATHS = NO;
				ARCHS = "$(ARCHS_STANDARD_64_BIT)";
				CLANG_CXX_LANGUAGE_STANDARD = "gnu++0x";
				CLANG_CXX_LIBRARY = "libc++";
				CLANG_ENABLE_OBJC_ARC = YES;
				CLANG_WARN_CONSTANT_CONVERSION = YES;
				CLANG_WARN_EMPTY_BODY = YES;
				CLANG_WARN_ENUM_CONVERSION = YES;
				CLANG_WARN_INT_CONVERSION = YES;
				CLANG_WARN__DUPLICATE_METHOD_MATCH = YES;
				COPY_PHASE_STRIP = NO;
				GCC_C_LANGUAGE_STANDARD = gnu99;
				GCC_DYNAMIC_NO_PIC = NO;
				GCC_ENABLE_OBJC_EXCEPTIONS = YES;
				GCC_OPTIMIZATION_LEVEL = 0;
				GCC_PREPROCESSOR_DEFINITIONS = (
					"DEBUG=1",
					"$(inherited)",
				);
				GCC_SYMBOLS_PRIVATE_EXTERN = NO;
				GCC_WARN_64_TO_32_BIT_CONVERSION = YES;
				GCC_WARN_ABOUT_RETURN_TYPE = YES;
				GCC_WARN_UNINITIALIZED_AUTOS = YES;
				GCC_WARN_UNUSED_VARIABLE = YES;
				MACOSX_DEPLOYMENT_TARGET = 10.8;
				ONLY_ACTIVE_ARCH = YES;
				SDKROOT = macosx;
			};
			name = Debug;
		};
		15AC0BD31BC98CFB00789175 /* Release */ = {
			isa = XCBuildConfiguration;
			buildSettings = {
				ALWAYS_SEARCH_USER_PATHS = NO;
				ARCHS = "$(ARCHS_STANDARD_64_BIT)";
				CLANG_CXX_LANGUAGE_STANDARD = "gnu++0x";
				CLANG_CXX_LIBRARY = "libc++";
				CLANG_ENABLE_OBJC_ARC = YES;
				CLANG_WARN_CONSTANT_CONVERSION = YES;
				CLANG_WARN_EMPTY_BODY = YES;
				CLANG_WARN_ENUM_CONVERSION = YES;
				CLANG_WARN_INT_CONVERSION = YES;
				CLANG_WARN__DUPLICATE_METHOD_MATCH = YES;
				COPY_PHASE_STRIP = YES;
				DEBUG_INFORMATION_FORMAT = "dwarf-with-dsym";
				GCC_C_LANGUAGE_STANDARD = gnu99;
				GCC_ENABLE_OBJC_EXCEPTIONS = YES;
				GCC_WARN_64_TO_32_BIT_CONVERSION = YES;
				GCC_WARN_ABOUT_RETURN_TYPE = YES;
				GCC_WARN_UNINITIALIZED_AUTOS = YES;
				GCC_WARN_UNUSED_VARIABLE = YES;
				MACOSX_DEPLOYMENT_TARGET = 10.8;
				SDKROOT = macosx;
			};
			name = Release;
		};
		15AC0BD51BC98CFB00789175 /* Debug */ = {
			isa = XCBuildConfiguration;
			buildSettings = {
				COMBINE_HIDPI_IMAGES = YES;
				GCC_PRECOMPILE_PREFIX_HEADER = YES;
				GCC_PREFIX_HEADER = "UnitTests/UnitTests-Prefix.pch";
				INFOPLIST_FILE = "UnitTests/UnitTests-Info.plist";
				PRODUCT_NAME = "$(TARGET_NAME)";
				WRAPPER_EXTENSION = app;
			};
			name = Debug;
		};
		15AC0BD61BC98CFB00789175 /* Release */ = {
			isa = XCBuildConfiguration;
			buildSettings = {
				COMBINE_HIDPI_IMAGES = YES;
				GCC_PRECOMPILE_PREFIX_HEADER = YES;
				GCC_PREFIX_HEADER = "UnitTests/UnitTests-Prefix.pch";
				INFOPLIST_FILE = "UnitTests/UnitTests-Info.plist";
				PRODUCT_NAME = "$(TARGET_NAME)";
				WRAPPER_EXTENSION = app;
			};
			name = Release;
		};
		15AC0BD81BC98CFB00789175 /* Debug */ = {
			isa = XCBuildConfiguration;
			buildSettings = {
				BUNDLE_LOADER = "$(BUILT_PRODUCTS_DIR)/UnitTests.app/Contents/MacOS/UnitTests";
				COMBINE_HIDPI_IMAGES = YES;
				FRAMEWORK_SEARCH_PATHS = (
					"\"$(DEVELOPER_LIBRARY_DIR)/Frameworks\"",
					"\"$(SRCROOT)/Frameworks\"",
				);
				GCC_PRECOMPILE_PREFIX_HEADER = YES;
				GCC_PREFIX_HEADER = "UnitTests/UnitTests-Prefix.pch";
				INFOPLIST_FILE = "UnitTestsTests/UnitTestsTests-Info.plist";
				PRODUCT_NAME = "$(TARGET_NAME)";
				TEST_HOST = "$(BUNDLE_LOADER)";
				WRAPPER_EXTENSION = octest;
			};
			name = Debug;
		};
		15AC0BD91BC98CFB00789175 /* Release */ = {
			isa = XCBuildConfiguration;
			buildSettings = {
				BUNDLE_LOADER = "$(BUILT_PRODUCTS_DIR)/UnitTests.app/Contents/MacOS/UnitTests";
				COMBINE_HIDPI_IMAGES = YES;
				FRAMEWORK_SEARCH_PATHS = (
					"\"$(DEVELOPER_LIBRARY_DIR)/Frameworks\"",
					"\"$(SRCROOT)/Frameworks\"",
				);
				GCC_PRECOMPILE_PREFIX_HEADER = YES;
				GCC_PREFIX_HEADER = "UnitTests/UnitTests-Prefix.pch";
				INFOPLIST_FILE = "UnitTestsTests/UnitTestsTests-Info.plist";
				PRODUCT_NAME = "$(TARGET_NAME)";
				TEST_HOST = "$(BUNDLE_LOADER)";
				WRAPPER_EXTENSION = octest;
			};
			name = Release;
		};
		15AC0BF71BC991C400789175 /* Debug */ = {
			isa = XCBuildConfiguration;
			buildSettings = {
				FRAMEWORK_SEARCH_PATHS = (
					"$(inherited)",
					"\"$(SRCROOT)/Frameworks\"",
				);
				PRODUCT_NAME = "$(TARGET_NAME)";
			};
			name = Debug;
		};
		15AC0BF81BC991C400789175 /* Release */ = {
			isa = XCBuildConfiguration;
			buildSettings = {
				FRAMEWORK_SEARCH_PATHS = (
					"$(inherited)",
					"\"$(SRCROOT)/Frameworks\"",
				);
				PRODUCT_NAME = "$(TARGET_NAME)";
			};
			name = Release;
		};
/* End XCBuildConfiguration section */

/* Begin XCConfigurationList section */
		15AC0B9E1BC98CFB00789175 /* Build configuration list for PBXProject "UnitTests" */ = {
			isa = XCConfigurationList;
			buildConfigurations = (
				15AC0BD21BC98CFB00789175 /* Debug */,
				15AC0BD31BC98CFB00789175 /* Release */,
			);
			defaultConfigurationIsVisible = 0;
			defaultConfigurationName = Release;
		};
		15AC0BD41BC98CFB00789175 /* Build configuration list for PBXNativeTarget "UnitTests" */ = {
			isa = XCConfigurationList;
			buildConfigurations = (
				15AC0BD51BC98CFB00789175 /* Debug */,
				15AC0BD61BC98CFB00789175 /* Release */,
			);
			defaultConfigurationIsVisible = 0;
		};
		15AC0BD71BC98CFB00789175 /* Build configuration list for PBXNativeTarget "UnitTestsTests" */ = {
			isa = XCConfigurationList;
			buildConfigurations = (
				15AC0BD81BC98CFB00789175 /* Debug */,
				15AC0BD91BC98CFB00789175 /* Release */,
			);
			defaultConfigurationIsVisible = 0;
		};
		15AC0BF61BC991C400789175 /* Build configuration list for PBXNativeTarget "CPPTests" */ = {
			isa = XCConfigurationList;
			buildConfigurations = (
				15AC0BF71BC991C400789175 /* Debug */,
				15AC0BF81BC991C400789175 /* Release */,
			);
			defaultConfigurationIsVisible = 0;
		};
/* End XCConfigurationList section */
	};
	rootObject = 15AC0B9B1BC98CFB00789175 /* Project object */;
}
